
Microsoft Visual Studio Solution File, Format Version 12.00
# Visual Studio 15
Project("{FAE04EC0-301F-11D3-BF4B-00C04F79EFBC}") = "Unity.Timeline", "Unity.Timeline.csproj", "{4EF94EDA-9C62-AB4A-82D0-C654518F3F33}"
EndProject
Project("{FAE04EC0-301F-11D3-BF4B-00C04F79EFBC}") = "Unity.Timeline.Editor", "Unity.Timeline.Editor.csproj", "{F8FF654F-5E2E-BDD6-C497-43376F58AFAD}"
EndProject
Project("{FAE04EC0-301F-11D3-BF4B-00C04F79EFBC}") = "Unity.TextMeshPro.Editor", "Unity.TextMeshPro.Editor.csproj", "{6CBB3B01-F680-FBA2-0B1E-6F9143E6C394}"
EndProject
Project("{FAE04EC0-301F-11D3-BF4B-00C04F79EFBC}") = "Unity.VisualScripting.Flow", "Unity.VisualScripting.Flow.csproj", "{A4CF8EDC-9638-E62D-B1D0-1E661723482E}"
EndProject
Project("{FAE04EC0-301F-11D3-BF4B-00C04F79EFBC}") = "UnityEditor.UI", "UnityEditor.UI.csproj", "{572EFA8B-62C7-0481-0BB9-C770A4AF0B63}"
EndProject
Project("{FAE04EC0-301F-11D3-BF4B-00C04F79EFBC}") = "Unity.ProBuilder", "Unity.ProBuilder.csproj", "{F32A4F0E-C844-F70A-323E-31C7FE1EC7C1}"
EndProject
Project("{FAE04EC0-301F-11D3-BF4B-00C04F79EFBC}") = "Unity.PlasticSCM.Editor", "Unity.PlasticSCM.Editor.csproj", "{14A9D85F-101F-C090-BF8A-AF3AA9BE0092}"
EndProject
Project("{FAE04EC0-301F-11D3-BF4B-00C04F79EFBC}") = "Unity.ProBuilder.Editor", "Unity.ProBuilder.Editor.csproj", "{CCEB9C09-E313-9563-23DE-00AFD6627765}"
EndProject
Project("{FAE04EC0-301F-11D3-BF4B-00C04F79EFBC}") = "Unity.VisualScripting.Core", "Unity.VisualScripting.Core.csproj", "{66C37D78-837D-14DE-3D65-76F695B90578}"
EndProject
Project("{FAE04EC0-301F-11D3-BF4B-00C04F79EFBC}") = "Unity.VisualScripting.Core.Editor", "Unity.VisualScripting.Core.Editor.csproj", "{D4265402-757E-5584-668C-C15B1544DA87}"
EndProject
Project("{FAE04EC0-301F-11D3-BF4B-00C04F79EFBC}") = "Unity.VisualScripting.Flow.Editor", "Unity.VisualScripting.Flow.Editor.csproj", "{38FDDC81-EABE-D7D2-385A-269883AE0C23}"
EndProject
Project("{FAE04EC0-301F-11D3-BF4B-00C04F79EFBC}") = "UnityEditor.TestRunner", "UnityEditor.TestRunner.csproj", "{89C03ED7-66EF-88F2-3AF0-55DEC49CFD98}"
EndProject
Project("{FAE04EC0-301F-11D3-BF4B-00C04F79EFBC}") = "Unity.ProBuilder.Poly2Tri", "Unity.ProBuilder.Poly2Tri.csproj", "{23D72DFA-44BD-87F4-2709-2A2CB6AF8EFF}"
EndProject
Project("{FAE04EC0-301F-11D3-BF4B-00C04F79EFBC}") = "Unity.VisualScripting.SettingsProvider.Editor", "Unity.VisualScripting.SettingsProvider.Editor.csproj", "{B3E32DB9-5E70-7B3F-73A9-9ADC415C131F}"
EndProject
Project("{FAE04EC0-301F-11D3-BF4B-00C04F79EFBC}") = "UnityEngine.TestRunner", "UnityEngine.TestRunner.csproj", "{C2A78805-0AB1-0C9B-5DCF-5611EE43D0B9}"
EndProject
Project("{FAE04EC0-301F-11D3-BF4B-00C04F79EFBC}") = "UnityEngine.UI", "UnityEngine.UI.csproj", "{1094DC1F-837E-295A-E5B2-29C85B7ADA85}"
EndProject
Project("{FAE04EC0-301F-11D3-BF4B-00C04F79EFBC}") = "Unity.ProBuilder.Csg", "Unity.ProBuilder.Csg.csproj", "{C9ED39E0-360D-C01D-E202-9556069C5754}"
EndProject
Project("{FAE04EC0-301F-11D3-BF4B-00C04F79EFBC}") = "Unity.VisualStudio.Editor", "Unity.VisualStudio.Editor.csproj", "{2EBADB05-FF67-84C0-E6FB-44576F7F65BF}"
EndProject
Project("{FAE04EC0-301F-11D3-BF4B-00C04F79EFBC}") = "Unity.TestTools.CodeCoverage.Editor.OpenCover.Model", "Unity.TestTools.CodeCoverage.Editor.OpenCover.Model.csproj", "{B1DB18F6-1176-676E-6098-BB1828BA333D}"
EndProject
Project("{FAE04EC0-301F-11D3-BF4B-00C04F79EFBC}") = "Unity.Rider.Editor", "Unity.Rider.Editor.csproj", "{A5134641-919C-D49F-B20E-A55B9D9BFFC7}"
EndProject
Project("{FAE04EC0-301F-11D3-BF4B-00C04F79EFBC}") = "Unity.VisualScripting.State.Editor", "Unity.VisualScripting.State.Editor.csproj", "{CCD382BA-BD2A-33DF-C76A-6C0B7A1B086E}"
EndProject
Project("{FAE04EC0-301F-11D3-BF4B-00C04F79EFBC}") = "Unity.TestTools.CodeCoverage.Editor", "Unity.TestTools.CodeCoverage.Editor.csproj", "{C2EFC803-94BB-6676-97E2-607F68ACFB04}"
EndProject
Project("{FAE04EC0-301F-11D3-BF4B-00C04F79EFBC}") = "Unity.VisualScripting.State", "Unity.VisualScripting.State.csproj", "{2C047FA6-6F18-F3B7-BBE9-D0EFD9202B96}"
EndProject
Project("{FAE04EC0-301F-11D3-BF4B-00C04F79EFBC}") = "Unity.TextMeshPro", "Unity.TextMeshPro.csproj", "{CC0CBBA0-DF25-733F-30CF-52C7C7481172}"
EndProject
Project("{FAE04EC0-301F-11D3-BF4B-00C04F79EFBC}") = "Unity.Performance.Profile-Analyzer.Editor", "Unity.Performance.Profile-Analyzer.Editor.csproj", "{652F2D25-05B6-C3C9-48B5-F4F724322FAA}"
EndProject
Project("{FAE04EC0-301F-11D3-BF4B-00C04F79EFBC}") = "Unity.VSCode.Editor", "Unity.VSCode.Editor.csproj", "{DE5C5A4F-0B7D-A5D8-0C8B-2F42C5308F6A}"
EndProject
Project("{FAE04EC0-301F-11D3-BF4B-00C04F79EFBC}") = "Unity.TestTools.CodeCoverage.Editor.OpenCover.Mono.Reflection", "Unity.TestTools.CodeCoverage.Editor.OpenCover.Mono.Reflection.csproj", "{857CCBE8-A833-F53F-46E4-CD4E3AA81AC3}"
EndProject
Project("{FAE04EC0-301F-11D3-BF4B-00C04F79EFBC}") = "Unity.ProBuilder.Stl", "Unity.ProBuilder.Stl.csproj", "{0EFFB2DD-625A-ABAD-ABFE-995C8646D362}"
EndProject
Project("{FAE04EC0-301F-11D3-BF4B-00C04F79EFBC}") = "Unity.Settings.Editor", "Unity.Settings.Editor.csproj", "{866B98E2-1758-EB18-C7A5-33EAFA43008C}"
EndProject
Project("{FAE04EC0-301F-11D3-BF4B-00C04F79EFBC}") = "Unity.ProBuilder.AssetIdRemapUtility", "Unity.ProBuilder.AssetIdRemapUtility.csproj", "{D11482C5-8F18-6B7A-E510-C036103063A1}"
EndProject
Project("{FAE04EC0-301F-11D3-BF4B-00C04F79EFBC}") = "Unity.ProBuilder.KdTree", "Unity.ProBuilder.KdTree.csproj", "{2033A957-2455-7BE4-60BA-B1C43534C901}"
EndProject
Project("{FAE04EC0-301F-11D3-BF4B-00C04F79EFBC}") = "Assembly-CSharp", "Assembly-CSharp.csproj", "{D44331D5-1ACF-D2E3-218E-B30DF01DAD16}"
EndProject
Project("{FAE04EC0-301F-11D3-BF4B-00C04F79EFBC}") = "Unity.ProBuilder.AddOns.Editor", "Unity.ProBuilder.AddOns.Editor.csproj", "{06AD2CEA-FE42-373D-A6B7-A8E1C116063F}"
EndProject
Project("{FAE04EC0-301F-11D3-BF4B-00C04F79EFBC}") = "Unity.EditorCoroutines.Editor", "Unity.EditorCoroutines.Editor.csproj", "{1781C384-C429-3798-858B-B845060B1E4F}"
EndProject
Project("{FAE04EC0-301F-11D3-BF4B-00C04F79EFBC}") = "Unity.VisualScripting.Shared.Editor", "Unity.VisualScripting.Shared.Editor.csproj", "{E127DBB2-9110-1B84-5535-0D8B5248CC95}"
EndProject
Project("{FAE04EC0-301F-11D3-BF4B-00C04F79EFBC}") = "Unity.CollabProxy.Editor", "Unity.CollabProxy.Editor.csproj", "{57705E3F-A3D5-7FD3-7822-ED406A9977CB}"
EndProject
Project("{FAE04EC0-301F-11D3-BF4B-00C04F79EFBC}") = "Unity.Timeline", "Unity.Timeline.Player.csproj", "{6BB840E7-6714-C4F4-FF45-FF65F7A38F2C}"
EndProject
Project("{FAE04EC0-301F-11D3-BF4B-00C04F79EFBC}") = "Unity.VisualScripting.Flow", "Unity.VisualScripting.Flow.Player.csproj", "{B14EE914-5C76-08C9-1B22-0679ACD56C76}"
EndProject
Project("{FAE04EC0-301F-11D3-BF4B-00C04F79EFBC}") = "Unity.ProBuilder", "Unity.ProBuilder.Player.csproj", "{9859E56D-8438-AB0D-6A04-722F423E8F52}"
EndProject
Project("{FAE04EC0-301F-11D3-BF4B-00C04F79EFBC}") = "Unity.VisualScripting.Core", "Unity.VisualScripting.Core.Player.csproj", "{AE26E7E6-94D6-4F5B-CEBF-78E6B431212E}"
EndProject
Project("{FAE04EC0-301F-11D3-BF4B-00C04F79EFBC}") = "Unity.ProBuilder.Poly2Tri", "Unity.ProBuilder.Poly2Tri.Player.csproj", "{6CDDAEA3-86E8-8308-EE32-586EC676E716}"
EndProject
Project("{FAE04EC0-301F-11D3-BF4B-00C04F79EFBC}") = "UnityEngine.TestRunner", "UnityEngine.TestRunner.Player.csproj", "{C32FADC3-F247-8B0B-6ED2-E84B22075538}"
EndProject
Project("{FAE04EC0-301F-11D3-BF4B-00C04F79EFBC}") = "UnityEngine.UI", "UnityEngine.UI.Player.csproj", "{5168F945-A3EC-8322-EC93-5F0E02C1C4DD}"
EndProject
Project("{FAE04EC0-301F-11D3-BF4B-00C04F79EFBC}") = "Unity.ProBuilder.Csg", "Unity.ProBuilder.Csg.Player.csproj", "{E0840EBF-2E4F-0BC4-2C4B-166C055A2977}"
EndProject
Project("{FAE04EC0-301F-11D3-BF4B-00C04F79EFBC}") = "Unity.VisualScripting.State", "Unity.VisualScripting.State.Player.csproj", "{5BA0002E-DE8C-7CBD-FBF1-ED850128D658}"
EndProject
Project("{FAE04EC0-301F-11D3-BF4B-00C04F79EFBC}") = "Unity.TextMeshPro", "Unity.TextMeshPro.Player.csproj", "{D22691A6-2F6C-B5C5-FB34-023AA4135667}"
EndProject
Project("{FAE04EC0-301F-11D3-BF4B-00C04F79EFBC}") = "Unity.ProBuilder.Stl", "Unity.ProBuilder.Stl.Player.csproj", "{19418C01-3901-5E97-C3F0-EADA86C17768}"
EndProject
Project("{FAE04EC0-301F-11D3-BF4B-00C04F79EFBC}") = "Unity.ProBuilder.KdTree", "Unity.ProBuilder.KdTree.Player.csproj", "{1B922864-5901-F4A0-DF60-2DA8EB96BB73}"
EndProject
Project("{FAE04EC0-301F-11D3-BF4B-00C04F79EFBC}") = "Assembly-CSharp", "Assembly-CSharp.Player.csproj", "{5CE68901-E484-AD0C-5FE2-4F3B3267E0A9}"
EndProject
Global
	GlobalSection(SolutionConfigurationPlatforms) = preSolution
		Debug|Any CPU = Debug|Any CPU
		Release|Any CPU = Release|Any CPU
	EndGlobalSection
	GlobalSection(ProjectConfigurationPlatforms) = postSolution
		{4EF94EDA-9C62-AB4A-82D0-C654518F3F33}.Debug|Any CPU.ActiveCfg = Debug|Any CPU
		{4EF94EDA-9C62-AB4A-82D0-C654518F3F33}.Debug|Any CPU.Build.0 = Debug|Any CPU
		{4EF94EDA-9C62-AB4A-82D0-C654518F3F33}.Release|Any CPU.ActiveCfg = Release|Any CPU
		{4EF94EDA-9C62-AB4A-82D0-C654518F3F33}.Release|Any CPU.Build.0 = Release|Any CPU
		{F8FF654F-5E2E-BDD6-C497-43376F58AFAD}.Debug|Any CPU.ActiveCfg = Debug|Any CPU
		{F8FF654F-5E2E-BDD6-C497-43376F58AFAD}.Debug|Any CPU.Build.0 = Debug|Any CPU
		{F8FF654F-5E2E-BDD6-C497-43376F58AFAD}.Release|Any CPU.ActiveCfg = Release|Any CPU
		{F8FF654F-5E2E-BDD6-C497-43376F58AFAD}.Release|Any CPU.Build.0 = Release|Any CPU
		{6CBB3B01-F680-FBA2-0B1E-6F9143E6C394}.Debug|Any CPU.ActiveCfg = Debug|Any CPU
		{6CBB3B01-F680-FBA2-0B1E-6F9143E6C394}.Debug|Any CPU.Build.0 = Debug|Any CPU
		{6CBB3B01-F680-FBA2-0B1E-6F9143E6C394}.Release|Any CPU.ActiveCfg = Release|Any CPU
		{6CBB3B01-F680-FBA2-0B1E-6F9143E6C394}.Release|Any CPU.Build.0 = Release|Any CPU
		{A4CF8EDC-9638-E62D-B1D0-1E661723482E}.Debug|Any CPU.ActiveCfg = Debug|Any CPU
		{A4CF8EDC-9638-E62D-B1D0-1E661723482E}.Debug|Any CPU.Build.0 = Debug|Any CPU
		{A4CF8EDC-9638-E62D-B1D0-1E661723482E}.Release|Any CPU.ActiveCfg = Release|Any CPU
		{A4CF8EDC-9638-E62D-B1D0-1E661723482E}.Release|Any CPU.Build.0 = Release|Any CPU
		{572EFA8B-62C7-0481-0BB9-C770A4AF0B63}.Debug|Any CPU.ActiveCfg = Debug|Any CPU
		{572EFA8B-62C7-0481-0BB9-C770A4AF0B63}.Debug|Any CPU.Build.0 = Debug|Any CPU
		{572EFA8B-62C7-0481-0BB9-C770A4AF0B63}.Release|Any CPU.ActiveCfg = Release|Any CPU
		{572EFA8B-62C7-0481-0BB9-C770A4AF0B63}.Release|Any CPU.Build.0 = Release|Any CPU
		{F32A4F0E-C844-F70A-323E-31C7FE1EC7C1}.Debug|Any CPU.ActiveCfg = Debug|Any CPU
		{F32A4F0E-C844-F70A-323E-31C7FE1EC7C1}.Debug|Any CPU.Build.0 = Debug|Any CPU
		{F32A4F0E-C844-F70A-323E-31C7FE1EC7C1}.Release|Any CPU.ActiveCfg = Release|Any CPU
		{F32A4F0E-C844-F70A-323E-31C7FE1EC7C1}.Release|Any CPU.Build.0 = Release|Any CPU
		{14A9D85F-101F-C090-BF8A-AF3AA9BE0092}.Debug|Any CPU.ActiveCfg = Debug|Any CPU
		{14A9D85F-101F-C090-BF8A-AF3AA9BE0092}.Debug|Any CPU.Build.0 = Debug|Any CPU
		{14A9D85F-101F-C090-BF8A-AF3AA9BE0092}.Release|Any CPU.ActiveCfg = Release|Any CPU
		{14A9D85F-101F-C090-BF8A-AF3AA9BE0092}.Release|Any CPU.Build.0 = Release|Any CPU
		{CCEB9C09-E313-9563-23DE-00AFD6627765}.Debug|Any CPU.ActiveCfg = Debug|Any CPU
		{CCEB9C09-E313-9563-23DE-00AFD6627765}.Debug|Any CPU.Build.0 = Debug|Any CPU
		{CCEB9C09-E313-9563-23DE-00AFD6627765}.Release|Any CPU.ActiveCfg = Release|Any CPU
		{CCEB9C09-E313-9563-23DE-00AFD6627765}.Release|Any CPU.Build.0 = Release|Any CPU
		{66C37D78-837D-14DE-3D65-76F695B90578}.Debug|Any CPU.ActiveCfg = Debug|Any CPU
		{66C37D78-837D-14DE-3D65-76F695B90578}.Debug|Any CPU.Build.0 = Debug|Any CPU
		{66C37D78-837D-14DE-3D65-76F695B90578}.Release|Any CPU.ActiveCfg = Release|Any CPU
		{66C37D78-837D-14DE-3D65-76F695B90578}.Release|Any CPU.Build.0 = Release|Any CPU
		{D4265402-757E-5584-668C-C15B1544DA87}.Debug|Any CPU.ActiveCfg = Debug|Any CPU
		{D4265402-757E-5584-668C-C15B1544DA87}.Debug|Any CPU.Build.0 = Debug|Any CPU
		{D4265402-757E-5584-668C-C15B1544DA87}.Release|Any CPU.ActiveCfg = Release|Any CPU
		{D4265402-757E-5584-668C-C15B1544DA87}.Release|Any CPU.Build.0 = Release|Any CPU
		{38FDDC81-EABE-D7D2-385A-269883AE0C23}.Debug|Any CPU.ActiveCfg = Debug|Any CPU
		{38FDDC81-EABE-D7D2-385A-269883AE0C23}.Debug|Any CPU.Build.0 = Debug|Any CPU
		{38FDDC81-EABE-D7D2-385A-269883AE0C23}.Release|Any CPU.ActiveCfg = Release|Any CPU
		{38FDDC81-EABE-D7D2-385A-269883AE0C23}.Release|Any CPU.Build.0 = Release|Any CPU
		{89C03ED7-66EF-88F2-3AF0-55DEC49CFD98}.Debug|Any CPU.ActiveCfg = Debug|Any CPU
		{89C03ED7-66EF-88F2-3AF0-55DEC49CFD98}.Debug|Any CPU.Build.0 = Debug|Any CPU
		{89C03ED7-66EF-88F2-3AF0-55DEC49CFD98}.Release|Any CPU.ActiveCfg = Release|Any CPU
		{89C03ED7-66EF-88F2-3AF0-55DEC49CFD98}.Release|Any CPU.Build.0 = Release|Any CPU
		{23D72DFA-44BD-87F4-2709-2A2CB6AF8EFF}.Debug|Any CPU.ActiveCfg = Debug|Any CPU
		{23D72DFA-44BD-87F4-2709-2A2CB6AF8EFF}.Debug|Any CPU.Build.0 = Debug|Any CPU
		{23D72DFA-44BD-87F4-2709-2A2CB6AF8EFF}.Release|Any CPU.ActiveCfg = Release|Any CPU
		{23D72DFA-44BD-87F4-2709-2A2CB6AF8EFF}.Release|Any CPU.Build.0 = Release|Any CPU
		{B3E32DB9-5E70-7B3F-73A9-9ADC415C131F}.Debug|Any CPU.ActiveCfg = Debug|Any CPU
		{B3E32DB9-5E70-7B3F-73A9-9ADC415C131F}.Debug|Any CPU.Build.0 = Debug|Any CPU
		{B3E32DB9-5E70-7B3F-73A9-9ADC415C131F}.Release|Any CPU.ActiveCfg = Release|Any CPU
		{B3E32DB9-5E70-7B3F-73A9-9ADC415C131F}.Release|Any CPU.Build.0 = Release|Any CPU
		{C2A78805-0AB1-0C9B-5DCF-5611EE43D0B9}.Debug|Any CPU.ActiveCfg = Debug|Any CPU
		{C2A78805-0AB1-0C9B-5DCF-5611EE43D0B9}.Debug|Any CPU.Build.0 = Debug|Any CPU
		{C2A78805-0AB1-0C9B-5DCF-5611EE43D0B9}.Release|Any CPU.ActiveCfg = Release|Any CPU
		{C2A78805-0AB1-0C9B-5DCF-5611EE43D0B9}.Release|Any CPU.Build.0 = Release|Any CPU
		{1094DC1F-837E-295A-E5B2-29C85B7ADA85}.Debug|Any CPU.ActiveCfg = Debug|Any CPU
		{1094DC1F-837E-295A-E5B2-29C85B7ADA85}.Debug|Any CPU.Build.0 = Debug|Any CPU
		{1094DC1F-837E-295A-E5B2-29C85B7ADA85}.Release|Any CPU.ActiveCfg = Release|Any CPU
		{1094DC1F-837E-295A-E5B2-29C85B7ADA85}.Release|Any CPU.Build.0 = Release|Any CPU
		{C9ED39E0-360D-C01D-E202-9556069C5754}.Debug|Any CPU.ActiveCfg = Debug|Any CPU
		{C9ED39E0-360D-C01D-E202-9556069C5754}.Debug|Any CPU.Build.0 = Debug|Any CPU
		{C9ED39E0-360D-C01D-E202-9556069C5754}.Release|Any CPU.ActiveCfg = Release|Any CPU
		{C9ED39E0-360D-C01D-E202-9556069C5754}.Release|Any CPU.Build.0 = Release|Any CPU
		{2EBADB05-FF67-84C0-E6FB-44576F7F65BF}.Debug|Any CPU.ActiveCfg = Debug|Any CPU
		{2EBADB05-FF67-84C0-E6FB-44576F7F65BF}.Debug|Any CPU.Build.0 = Debug|Any CPU
		{2EBADB05-FF67-84C0-E6FB-44576F7F65BF}.Release|Any CPU.ActiveCfg = Release|Any CPU
		{2EBADB05-FF67-84C0-E6FB-44576F7F65BF}.Release|Any CPU.Build.0 = Release|Any CPU
		{B1DB18F6-1176-676E-6098-BB1828BA333D}.Debug|Any CPU.ActiveCfg = Debug|Any CPU
		{B1DB18F6-1176-676E-6098-BB1828BA333D}.Debug|Any CPU.Build.0 = Debug|Any CPU
		{B1DB18F6-1176-676E-6098-BB1828BA333D}.Release|Any CPU.ActiveCfg = Release|Any CPU
		{B1DB18F6-1176-676E-6098-BB1828BA333D}.Release|Any CPU.Build.0 = Release|Any CPU
		{A5134641-919C-D49F-B20E-A55B9D9BFFC7}.Debug|Any CPU.ActiveCfg = Debug|Any CPU
		{A5134641-919C-D49F-B20E-A55B9D9BFFC7}.Debug|Any CPU.Build.0 = Debug|Any CPU
		{A5134641-919C-D49F-B20E-A55B9D9BFFC7}.Release|Any CPU.ActiveCfg = Release|Any CPU
		{A5134641-919C-D49F-B20E-A55B9D9BFFC7}.Release|Any CPU.Build.0 = Release|Any CPU
		{CCD382BA-BD2A-33DF-C76A-6C0B7A1B086E}.Debug|Any CPU.ActiveCfg = Debug|Any CPU
		{CCD382BA-BD2A-33DF-C76A-6C0B7A1B086E}.Debug|Any CPU.Build.0 = Debug|Any CPU
		{CCD382BA-BD2A-33DF-C76A-6C0B7A1B086E}.Release|Any CPU.ActiveCfg = Release|Any CPU
		{CCD382BA-BD2A-33DF-C76A-6C0B7A1B086E}.Release|Any CPU.Build.0 = Release|Any CPU
		{C2EFC803-94BB-6676-97E2-607F68ACFB04}.Debug|Any CPU.ActiveCfg = Debug|Any CPU
		{C2EFC803-94BB-6676-97E2-607F68ACFB04}.Debug|Any CPU.Build.0 = Debug|Any CPU
		{C2EFC803-94BB-6676-97E2-607F68ACFB04}.Release|Any CPU.ActiveCfg = Release|Any CPU
		{C2EFC803-94BB-6676-97E2-607F68ACFB04}.Release|Any CPU.Build.0 = Release|Any CPU
		{2C047FA6-6F18-F3B7-BBE9-D0EFD9202B96}.Debug|Any CPU.ActiveCfg = Debug|Any CPU
		{2C047FA6-6F18-F3B7-BBE9-D0EFD9202B96}.Debug|Any CPU.Build.0 = Debug|Any CPU
		{2C047FA6-6F18-F3B7-BBE9-D0EFD9202B96}.Release|Any CPU.ActiveCfg = Release|Any CPU
		{2C047FA6-6F18-F3B7-BBE9-D0EFD9202B96}.Release|Any CPU.Build.0 = Release|Any CPU
		{CC0CBBA0-DF25-733F-30CF-52C7C7481172}.Debug|Any CPU.ActiveCfg = Debug|Any CPU
		{CC0CBBA0-DF25-733F-30CF-52C7C7481172}.Debug|Any CPU.Build.0 = Debug|Any CPU
		{CC0CBBA0-DF25-733F-30CF-52C7C7481172}.Release|Any CPU.ActiveCfg = Release|Any CPU
		{CC0CBBA0-DF25-733F-30CF-52C7C7481172}.Release|Any CPU.Build.0 = Release|Any CPU
		{652F2D25-05B6-C3C9-48B5-F4F724322FAA}.Debug|Any CPU.ActiveCfg = Debug|Any CPU
		{652F2D25-05B6-C3C9-48B5-F4F724322FAA}.Debug|Any CPU.Build.0 = Debug|Any CPU
		{652F2D25-05B6-C3C9-48B5-F4F724322FAA}.Release|Any CPU.ActiveCfg = Release|Any CPU
		{652F2D25-05B6-C3C9-48B5-F4F724322FAA}.Release|Any CPU.Build.0 = Release|Any CPU
		{DE5C5A4F-0B7D-A5D8-0C8B-2F42C5308F6A}.Debug|Any CPU.ActiveCfg = Debug|Any CPU
		{DE5C5A4F-0B7D-A5D8-0C8B-2F42C5308F6A}.Debug|Any CPU.Build.0 = Debug|Any CPU
		{DE5C5A4F-0B7D-A5D8-0C8B-2F42C5308F6A}.Release|Any CPU.ActiveCfg = Release|Any CPU
		{DE5C5A4F-0B7D-A5D8-0C8B-2F42C5308F6A}.Release|Any CPU.Build.0 = Release|Any CPU
		{857CCBE8-A833-F53F-46E4-CD4E3AA81AC3}.Debug|Any CPU.ActiveCfg = Debug|Any CPU
		{857CCBE8-A833-F53F-46E4-CD4E3AA81AC3}.Debug|Any CPU.Build.0 = Debug|Any CPU
		{857CCBE8-A833-F53F-46E4-CD4E3AA81AC3}.Release|Any CPU.ActiveCfg = Release|Any CPU
		{857CCBE8-A833-F53F-46E4-CD4E3AA81AC3}.Release|Any CPU.Build.0 = Release|Any CPU
		{0EFFB2DD-625A-ABAD-ABFE-995C8646D362}.Debug|Any CPU.ActiveCfg = Debug|Any CPU
		{0EFFB2DD-625A-ABAD-ABFE-995C8646D362}.Debug|Any CPU.Build.0 = Debug|Any CPU
		{0EFFB2DD-625A-ABAD-ABFE-995C8646D362}.Release|Any CPU.ActiveCfg = Release|Any CPU
		{0EFFB2DD-625A-ABAD-ABFE-995C8646D362}.Release|Any CPU.Build.0 = Release|Any CPU
		{866B98E2-1758-EB18-C7A5-33EAFA43008C}.Debug|Any CPU.ActiveCfg = Debug|Any CPU
		{866B98E2-1758-EB18-C7A5-33EAFA43008C}.Debug|Any CPU.Build.0 = Debug|Any CPU
		{866B98E2-1758-EB18-C7A5-33EAFA43008C}.Release|Any CPU.ActiveCfg = Release|Any CPU
		{866B98E2-1758-EB18-C7A5-33EAFA43008C}.Release|Any CPU.Build.0 = Release|Any CPU
		{D11482C5-8F18-6B7A-E510-C036103063A1}.Debug|Any CPU.ActiveCfg = Debug|Any CPU
		{D11482C5-8F18-6B7A-E510-C036103063A1}.Debug|Any CPU.Build.0 = Debug|Any CPU
		{D11482C5-8F18-6B7A-E510-C036103063A1}.Release|Any CPU.ActiveCfg = Release|Any CPU
		{D11482C5-8F18-6B7A-E510-C036103063A1}.Release|Any CPU.Build.0 = Release|Any CPU
		{2033A957-2455-7BE4-60BA-B1C43534C901}.Debug|Any CPU.ActiveCfg = Debug|Any CPU
		{2033A957-2455-7BE4-60BA-B1C43534C901}.Debug|Any CPU.Build.0 = Debug|Any CPU
		{2033A957-2455-7BE4-60BA-B1C43534C901}.Release|Any CPU.ActiveCfg = Release|Any CPU
		{2033A957-2455-7BE4-60BA-B1C43534C901}.Release|Any CPU.Build.0 = Release|Any CPU
		{D44331D5-1ACF-D2E3-218E-B30DF01DAD16}.Debug|Any CPU.ActiveCfg = Debug|Any CPU
		{D44331D5-1ACF-D2E3-218E-B30DF01DAD16}.Debug|Any CPU.Build.0 = Debug|Any CPU
		{D44331D5-1ACF-D2E3-218E-B30DF01DAD16}.Release|Any CPU.ActiveCfg = Release|Any CPU
		{D44331D5-1ACF-D2E3-218E-B30DF01DAD16}.Release|Any CPU.Build.0 = Release|Any CPU
		{06AD2CEA-FE42-373D-A6B7-A8E1C116063F}.Debug|Any CPU.ActiveCfg = Debug|Any CPU
		{06AD2CEA-FE42-373D-A6B7-A8E1C116063F}.Debug|Any CPU.Build.0 = Debug|Any CPU
		{06AD2CEA-FE42-373D-A6B7-A8E1C116063F}.Release|Any CPU.ActiveCfg = Release|Any CPU
		{06AD2CEA-FE42-373D-A6B7-A8E1C116063F}.Release|Any CPU.Build.0 = Release|Any CPU
		{1781C384-C429-3798-858B-B845060B1E4F}.Debug|Any CPU.ActiveCfg = Debug|Any CPU
		{1781C384-C429-3798-858B-B845060B1E4F}.Debug|Any CPU.Build.0 = Debug|Any CPU
		{1781C384-C429-3798-858B-B845060B1E4F}.Release|Any CPU.ActiveCfg = Release|Any CPU
		{1781C384-C429-3798-858B-B845060B1E4F}.Release|Any CPU.Build.0 = Release|Any CPU
		{E127DBB2-9110-1B84-5535-0D8B5248CC95}.Debug|Any CPU.ActiveCfg = Debug|Any CPU
		{E127DBB2-9110-1B84-5535-0D8B5248CC95}.Debug|Any CPU.Build.0 = Debug|Any CPU
		{E127DBB2-9110-1B84-5535-0D8B5248CC95}.Release|Any CPU.ActiveCfg = Release|Any CPU
		{E127DBB2-9110-1B84-5535-0D8B5248CC95}.Release|Any CPU.Build.0 = Release|Any CPU
		{57705E3F-A3D5-7FD3-7822-ED406A9977CB}.Debug|Any CPU.ActiveCfg = Debug|Any CPU
		{57705E3F-A3D5-7FD3-7822-ED406A9977CB}.Debug|Any CPU.Build.0 = Debug|Any CPU
		{57705E3F-A3D5-7FD3-7822-ED406A9977CB}.Release|Any CPU.ActiveCfg = Release|Any CPU
		{57705E3F-A3D5-7FD3-7822-ED406A9977CB}.Release|Any CPU.Build.0 = Release|Any CPU
		{6BB840E7-6714-C4F4-FF45-FF65F7A38F2C}.Debug|Any CPU.ActiveCfg = Debug|Any CPU
		{6BB840E7-6714-C4F4-FF45-FF65F7A38F2C}.Debug|Any CPU.Build.0 = Debug|Any CPU
		{6BB840E7-6714-C4F4-FF45-FF65F7A38F2C}.Release|Any CPU.ActiveCfg = Release|Any CPU
		{6BB840E7-6714-C4F4-FF45-FF65F7A38F2C}.Release|Any CPU.Build.0 = Release|Any CPU
		{B14EE914-5C76-08C9-1B22-0679ACD56C76}.Debug|Any CPU.ActiveCfg = Debug|Any CPU
		{B14EE914-5C76-08C9-1B22-0679ACD56C76}.Debug|Any CPU.Build.0 = Debug|Any CPU
		{B14EE914-5C76-08C9-1B22-0679ACD56C76}.Release|Any CPU.ActiveCfg = Release|Any CPU
		{B14EE914-5C76-08C9-1B22-0679ACD56C76}.Release|Any CPU.Build.0 = Release|Any CPU
		{9859E56D-8438-AB0D-6A04-722F423E8F52}.Debug|Any CPU.ActiveCfg = Debug|Any CPU
		{9859E56D-8438-AB0D-6A04-722F423E8F52}.Debug|Any CPU.Build.0 = Debug|Any CPU
		{9859E56D-8438-AB0D-6A04-722F423E8F52}.Release|Any CPU.ActiveCfg = Release|Any CPU
		{9859E56D-8438-AB0D-6A04-722F423E8F52}.Release|Any CPU.Build.0 = Release|Any CPU
		{AE26E7E6-94D6-4F5B-CEBF-78E6B431212E}.Debug|Any CPU.ActiveCfg = Debug|Any CPU
		{AE26E7E6-94D6-4F5B-CEBF-78E6B431212E}.Debug|Any CPU.Build.0 = Debug|Any CPU
		{AE26E7E6-94D6-4F5B-CEBF-78E6B431212E}.Release|Any CPU.ActiveCfg = Release|Any CPU
		{AE26E7E6-94D6-4F5B-CEBF-78E6B431212E}.Release|Any CPU.Build.0 = Release|Any CPU
		{6CDDAEA3-86E8-8308-EE32-586EC676E716}.Debug|Any CPU.ActiveCfg = Debug|Any CPU
		{6CDDAEA3-86E8-8308-EE32-586EC676E716}.Debug|Any CPU.Build.0 = Debug|Any CPU
		{6CDDAEA3-86E8-8308-EE32-586EC676E716}.Release|Any CPU.ActiveCfg = Release|Any CPU
		{6CDDAEA3-86E8-8308-EE32-586EC676E716}.Release|Any CPU.Build.0 = Release|Any CPU
		{C32FADC3-F247-8B0B-6ED2-E84B22075538}.Debug|Any CPU.ActiveCfg = Debug|Any CPU
		{C32FADC3-F247-8B0B-6ED2-E84B22075538}.Debug|Any CPU.Build.0 = Debug|Any CPU
		{C32FADC3-F247-8B0B-6ED2-E84B22075538}.Release|Any CPU.ActiveCfg = Release|Any CPU
		{C32FADC3-F247-8B0B-6ED2-E84B22075538}.Release|Any CPU.Build.0 = Release|Any CPU
		{5168F945-A3EC-8322-EC93-5F0E02C1C4DD}.Debug|Any CPU.ActiveCfg = Debug|Any CPU
		{5168F945-A3EC-8322-EC93-5F0E02C1C4DD}.Debug|Any CPU.Build.0 = Debug|Any CPU
		{5168F945-A3EC-8322-EC93-5F0E02C1C4DD}.Release|Any CPU.ActiveCfg = Release|Any CPU
		{5168F945-A3EC-8322-EC93-5F0E02C1C4DD}.Release|Any CPU.Build.0 = Release|Any CPU
		{E0840EBF-2E4F-0BC4-2C4B-166C055A2977}.Debug|Any CPU.ActiveCfg = Debug|Any CPU
		{E0840EBF-2E4F-0BC4-2C4B-166C055A2977}.Debug|Any CPU.Build.0 = Debug|Any CPU
		{E0840EBF-2E4F-0BC4-2C4B-166C055A2977}.Release|Any CPU.ActiveCfg = Release|Any CPU
		{E0840EBF-2E4F-0BC4-2C4B-166C055A2977}.Release|Any CPU.Build.0 = Release|Any CPU
		{5BA0002E-DE8C-7CBD-FBF1-ED850128D658}.Debug|Any CPU.ActiveCfg = Debug|Any CPU
		{5BA0002E-DE8C-7CBD-FBF1-ED850128D658}.Debug|Any CPU.Build.0 = Debug|Any CPU
		{5BA0002E-DE8C-7CBD-FBF1-ED850128D658}.Release|Any CPU.ActiveCfg = Release|Any CPU
		{5BA0002E-DE8C-7CBD-FBF1-ED850128D658}.Release|Any CPU.Build.0 = Release|Any CPU
		{D22691A6-2F6C-B5C5-FB34-023AA4135667}.Debug|Any CPU.ActiveCfg = Debug|Any CPU
		{D22691A6-2F6C-B5C5-FB34-023AA4135667}.Debug|Any CPU.Build.0 = Debug|Any CPU
		{D22691A6-2F6C-B5C5-FB34-023AA4135667}.Release|Any CPU.ActiveCfg = Release|Any CPU
		{D22691A6-2F6C-B5C5-FB34-023AA4135667}.Release|Any CPU.Build.0 = Release|Any CPU
		{19418C01-3901-5E97-C3F0-EADA86C17768}.Debug|Any CPU.ActiveCfg = Debug|Any CPU
		{19418C01-3901-5E97-C3F0-EADA86C17768}.Debug|Any CPU.Build.0 = Debug|Any CPU
		{19418C01-3901-5E97-C3F0-EADA86C17768}.Release|Any CPU.ActiveCfg = Release|Any CPU
		{19418C01-3901-5E97-C3F0-EADA86C17768}.Release|Any CPU.Build.0 = Release|Any CPU
		{1B922864-5901-F4A0-DF60-2DA8EB96BB73}.Debug|Any CPU.ActiveCfg = Debug|Any CPU
		{1B922864-5901-F4A0-DF60-2DA8EB96BB73}.Debug|Any CPU.Build.0 = Debug|Any CPU
		{1B922864-5901-F4A0-DF60-2DA8EB96BB73}.Release|Any CPU.ActiveCfg = Release|Any CPU
		{1B922864-5901-F4A0-DF60-2DA8EB96BB73}.Release|Any CPU.Build.0 = Release|Any CPU
		{5CE68901-E484-AD0C-5FE2-4F3B3267E0A9}.Debug|Any CPU.ActiveCfg = Debug|Any CPU
		{5CE68901-E484-AD0C-5FE2-4F3B3267E0A9}.Debug|Any CPU.Build.0 = Debug|Any CPU
		{5CE68901-E484-AD0C-5FE2-4F3B3267E0A9}.Release|Any CPU.ActiveCfg = Release|Any CPU
		{5CE68901-E484-AD0C-5FE2-4F3B3267E0A9}.Release|Any CPU.Build.0 = Release|Any CPU
	EndGlobalSection
	GlobalSection(SolutionProperties) = preSolution
		HideSolutionNode = FALSE
	EndGlobalSection
EndGlobal
